# Generated by pub
# See https://www.dartlang.org/tools/pub/glossary#lockfile
packages:
  jam_dart_models:
    dependency: "direct main"
    description:
      path: "..\\models"
      relative: true
    source: path
    version: "1.0.0+1"
  meta:
    dependency: "direct main"
    description:
      name: meta
      url: "https://pub.dartlang.org"
    source: hosted
    version: "1.1.7"
sdks:
  dart: ">=2.0.0-dev.68.0 <3.0.0"
